
Microsoft Visual Studio Solution File, Format Version 12.00
# Visual Studio 15
Project("{FAE04EC0-301F-11D3-BF4B-00C04F79EFBC}") = "UnityEngine.UI", "UnityEngine.UI.csproj", "{BA8561F3-187C-23F5-2441-7B139B8B0994}"
EndProject
Project("{FAE04EC0-301F-11D3-BF4B-00C04F79EFBC}") = "Assembly-CSharp", "Assembly-CSharp.csproj", "{3A39EEA0-62C3-0437-014E-432614174D05}"
EndProject
Project("{FAE04EC0-301F-11D3-BF4B-00C04F79EFBC}") = "UnityEditor.UI", "UnityEditor.UI.csproj", "{413BA6A8-3671-E572-BD10-B24075898ACD}"
EndProject
Global
	GlobalSection(SolutionConfigurationPlatforms) = preSolution
		Debug|Any CPU = Debug|Any CPU
		Release|Any CPU = Release|Any CPU
	EndGlobalSection
	GlobalSection(ProjectConfigurationPlatforms) = postSolution
		{BA8561F3-187C-23F5-2441-7B139B8B0994}.Debug|Any CPU.ActiveCfg = Debug|Any CPU
		{BA8561F3-187C-23F5-2441-7B139B8B0994}.Debug|Any CPU.Build.0 = Debug|Any CPU
		{BA8561F3-187C-23F5-2441-7B139B8B0994}.Release|Any CPU.ActiveCfg = Release|Any CPU
		{BA8561F3-187C-23F5-2441-7B139B8B0994}.Release|Any CPU.Build.0 = Release|Any CPU
		{3A39EEA0-62C3-0437-014E-432614174D05}.Debug|Any CPU.ActiveCfg = Debug|Any CPU
		{3A39EEA0-62C3-0437-014E-432614174D05}.Debug|Any CPU.Build.0 = Debug|Any CPU
		{3A39EEA0-62C3-0437-014E-432614174D05}.Release|Any CPU.ActiveCfg = Release|Any CPU
		{3A39EEA0-62C3-0437-014E-432614174D05}.Release|Any CPU.Build.0 = Release|Any CPU
		{413BA6A8-3671-E572-BD10-B24075898ACD}.Debug|Any CPU.ActiveCfg = Debug|Any CPU
		{413BA6A8-3671-E572-BD10-B24075898ACD}.Debug|Any CPU.Build.0 = Debug|Any CPU
		{413BA6A8-3671-E572-BD10-B24075898ACD}.Release|Any CPU.ActiveCfg = Release|Any CPU
		{413BA6A8-3671-E572-BD10-B24075898ACD}.Release|Any CPU.Build.0 = Release|Any CPU
	EndGlobalSection
	GlobalSection(SolutionProperties) = preSolution
		HideSolutionNode = FALSE
	EndGlobalSection
EndGlobal
